
Microsoft Visual Studio Solution File, Format Version 11.00
# Visual Studio 2010
Project("{FAE04EC0-301F-11D3-BF4B-00C04F79EFBC}") = "FubuMVC.Deployers", "FubuMVC.Deployers\FubuMVC.Deployers.csproj", "{15052F0B-098A-4115-BD7B-E66657FCE73A}"
EndProject
Project("{FAE04EC0-301F-11D3-BF4B-00C04F79EFBC}") = "FubuMVC.Deployers.Testing", "FubuMVC.Deployers.Testing\FubuMVC.Deployers.Testing.csproj", "{D5878648-41C6-42EC-AB96-82F34567500B}"
EndProject
Global
	GlobalSection(SolutionConfigurationPlatforms) = preSolution
		Debug|Any CPU = Debug|Any CPU
		Release|Any CPU = Release|Any CPU
	EndGlobalSection
	GlobalSection(ProjectConfigurationPlatforms) = postSolution
		{15052F0B-098A-4115-BD7B-E66657FCE73A}.Debug|Any CPU.ActiveCfg = Debug|Any CPU
		{15052F0B-098A-4115-BD7B-E66657FCE73A}.Debug|Any CPU.Build.0 = Debug|Any CPU
		{15052F0B-098A-4115-BD7B-E66657FCE73A}.Release|Any CPU.ActiveCfg = Release|Any CPU
		{15052F0B-098A-4115-BD7B-E66657FCE73A}.Release|Any CPU.Build.0 = Release|Any CPU
		{D5878648-41C6-42EC-AB96-82F34567500B}.Debug|Any CPU.ActiveCfg = Debug|Any CPU
		{D5878648-41C6-42EC-AB96-82F34567500B}.Debug|Any CPU.Build.0 = Debug|Any CPU
		{D5878648-41C6-42EC-AB96-82F34567500B}.Release|Any CPU.ActiveCfg = Release|Any CPU
		{D5878648-41C6-42EC-AB96-82F34567500B}.Release|Any CPU.Build.0 = Release|Any CPU
	EndGlobalSection
	GlobalSection(SolutionProperties) = preSolution
		HideSolutionNode = FALSE
	EndGlobalSection
EndGlobal
